
Microsoft Visual Studio Solution File, Format Version 12.00
# Visual Studio Version 17
VisualStudioVersion = 17.14.36327.8 d17.14
MinimumVisualStudioVersion = 10.0.40219.1
Project("{FAE04EC0-301F-11D3-BF4B-00C04F79EFBC}") = "Maze Generation", "Maze Generation\Maze Generation.csproj", "{88B07C29-F7D4-4D28-AD8F-49A89859084F}"
EndProject
Global
	GlobalSection(SolutionConfigurationPlatforms) = preSolution
		Debug|Any CPU = Debug|Any CPU
		Release|Any CPU = Release|Any CPU
	EndGlobalSection
	GlobalSection(ProjectConfigurationPlatforms) = postSolution
		{88B07C29-F7D4-4D28-AD8F-49A89859084F}.Debug|Any CPU.ActiveCfg = Debug|Any CPU
		{88B07C29-F7D4-4D28-AD8F-49A89859084F}.Debug|Any CPU.Build.0 = Debug|Any CPU
		{88B07C29-F7D4-4D28-AD8F-49A89859084F}.Release|Any CPU.ActiveCfg = Release|Any CPU
		{88B07C29-F7D4-4D28-AD8F-49A89859084F}.Release|Any CPU.Build.0 = Release|Any CPU
	EndGlobalSection
	GlobalSection(SolutionProperties) = preSolution
		HideSolutionNode = FALSE
	EndGlobalSection
	GlobalSection(ExtensibilityGlobals) = postSolution
		SolutionGuid = {973736A5-A1FE-4BBD-B54E-C5261FB93355}
	EndGlobalSection
EndGlobal
